
Microsoft Visual Studio Solution File, Format Version 12.00
# Visual Studio 2012
Project("{FAE04EC0-301F-11D3-BF4B-00C04F79EFBC}") = "MovieMadness", "MovieMadness\MovieMadness.csproj", "{EC374A85-785D-449F-B9E7-0CB8E96891FA}"
EndProject
Project("{FAE04EC0-301F-11D3-BF4B-00C04F79EFBC}") = "FillMovieDatabase", "FillMovieDatabase\FillMovieDatabase.csproj", "{380BB1CF-F81A-42A5-A01B-CFA9AB5D1D6C}"
EndProject
Project("{FAE04EC0-301F-11D3-BF4B-00C04F79EFBC}") = "MovieDbEntities", "MovieDbEntities\MovieDbEntities.csproj", "{5B313CE3-D184-46E1-BDF1-5811FF91BC47}"
EndProject
Project("{FAE04EC0-301F-11D3-BF4B-00C04F79EFBC}") = "TMDbRequests", "TMDbRequests\TMDbRequests.csproj", "{4D851232-F791-4532-99AE-AA955DAE825F}"
EndProject
Project("{FAE04EC0-301F-11D3-BF4B-00C04F79EFBC}") = "MovieWebService", "MovieWebService\MovieWebService.csproj", "{29BA5761-9CDF-471B-AF8E-C47604D60753}"
EndProject
Global
	GlobalSection(SolutionConfigurationPlatforms) = preSolution
		Debug|Any CPU = Debug|Any CPU
		Release|Any CPU = Release|Any CPU
	EndGlobalSection
	GlobalSection(ProjectConfigurationPlatforms) = postSolution
		{EC374A85-785D-449F-B9E7-0CB8E96891FA}.Debug|Any CPU.ActiveCfg = Debug|Any CPU
		{EC374A85-785D-449F-B9E7-0CB8E96891FA}.Debug|Any CPU.Build.0 = Debug|Any CPU
		{EC374A85-785D-449F-B9E7-0CB8E96891FA}.Release|Any CPU.ActiveCfg = Release|Any CPU
		{EC374A85-785D-449F-B9E7-0CB8E96891FA}.Release|Any CPU.Build.0 = Release|Any CPU
		{380BB1CF-F81A-42A5-A01B-CFA9AB5D1D6C}.Debug|Any CPU.ActiveCfg = Debug|Any CPU
		{380BB1CF-F81A-42A5-A01B-CFA9AB5D1D6C}.Debug|Any CPU.Build.0 = Debug|Any CPU
		{380BB1CF-F81A-42A5-A01B-CFA9AB5D1D6C}.Release|Any CPU.ActiveCfg = Release|Any CPU
		{380BB1CF-F81A-42A5-A01B-CFA9AB5D1D6C}.Release|Any CPU.Build.0 = Release|Any CPU
		{5B313CE3-D184-46E1-BDF1-5811FF91BC47}.Debug|Any CPU.ActiveCfg = Debug|Any CPU
		{5B313CE3-D184-46E1-BDF1-5811FF91BC47}.Debug|Any CPU.Build.0 = Debug|Any CPU
		{5B313CE3-D184-46E1-BDF1-5811FF91BC47}.Release|Any CPU.ActiveCfg = Release|Any CPU
		{5B313CE3-D184-46E1-BDF1-5811FF91BC47}.Release|Any CPU.Build.0 = Release|Any CPU
		{4D851232-F791-4532-99AE-AA955DAE825F}.Debug|Any CPU.ActiveCfg = Debug|Any CPU
		{4D851232-F791-4532-99AE-AA955DAE825F}.Debug|Any CPU.Build.0 = Debug|Any CPU
		{4D851232-F791-4532-99AE-AA955DAE825F}.Release|Any CPU.ActiveCfg = Release|Any CPU
		{4D851232-F791-4532-99AE-AA955DAE825F}.Release|Any CPU.Build.0 = Release|Any CPU
		{29BA5761-9CDF-471B-AF8E-C47604D60753}.Debug|Any CPU.ActiveCfg = Debug|Any CPU
		{29BA5761-9CDF-471B-AF8E-C47604D60753}.Debug|Any CPU.Build.0 = Debug|Any CPU
		{29BA5761-9CDF-471B-AF8E-C47604D60753}.Release|Any CPU.ActiveCfg = Release|Any CPU
		{29BA5761-9CDF-471B-AF8E-C47604D60753}.Release|Any CPU.Build.0 = Release|Any CPU
	EndGlobalSection
	GlobalSection(SolutionProperties) = preSolution
		HideSolutionNode = FALSE
	EndGlobalSection
EndGlobal
